
Microsoft Visual Studio Solution File, Format Version 12.00
# Visual Studio Version 16
VisualStudioVersion = 16.0.31321.278
MinimumVisualStudioVersion = 10.0.40219.1
Project("{FAE04EC0-301F-11D3-BF4B-00C04F79EFBC}") = "Recuperatorio prueba 2", "Recuperatorio prueba 2.csproj", "{D2094EBA-8335-439E-A4B3-E6B70955D231}"
EndProject
Global
	GlobalSection(SolutionConfigurationPlatforms) = preSolution
		Debug|Any CPU = Debug|Any CPU
		Release|Any CPU = Release|Any CPU
	EndGlobalSection
	GlobalSection(ProjectConfigurationPlatforms) = postSolution
		{D2094EBA-8335-439E-A4B3-E6B70955D231}.Debug|Any CPU.ActiveCfg = Debug|Any CPU
		{D2094EBA-8335-439E-A4B3-E6B70955D231}.Debug|Any CPU.Build.0 = Debug|Any CPU
		{D2094EBA-8335-439E-A4B3-E6B70955D231}.Release|Any CPU.ActiveCfg = Release|Any CPU
		{D2094EBA-8335-439E-A4B3-E6B70955D231}.Release|Any CPU.Build.0 = Release|Any CPU
	EndGlobalSection
	GlobalSection(SolutionProperties) = preSolution
		HideSolutionNode = FALSE
	EndGlobalSection
	GlobalSection(ExtensibilityGlobals) = postSolution
		SolutionGuid = {144A0BDD-7F56-47D7-9114-BB849755A26A}
	EndGlobalSection
EndGlobal
